// !$*UTF8*$!
{
	archiveVersion = 1;
	classes = {
	};
	objectVersion = 55;
	objects = {

/* Begin PBXBuildFile section */
		402A4CF628E133A8002A1C9D /* AppDelegate.swift in Sources */ = {isa = PBXBuildFile; fileRef = 402A4CF528E133A8002A1C9D /* AppDelegate.swift */; };
		402A4CF828E133A8002A1C9D /* SceneDelegate.swift in Sources */ = {isa = PBXBuildFile; fileRef = 402A4CF728E133A8002A1C9D /* SceneDelegate.swift */; };
		402A4CFA28E133A8002A1C9D /* GhostDrawingViewController.swift in Sources */ = {isa = PBXBuildFile; fileRef = 402A4CF928E133A8002A1C9D /* GhostDrawingViewController.swift */; };
		402A4CFD28E133A8002A1C9D /* Main.storyboard in Resources */ = {isa = PBXBuildFile; fileRef = 402A4CFB28E133A8002A1C9D /* Main.storyboard */; };
		402A4CFF28E133AD002A1C9D /* Assets.xcassets in Resources */ = {isa = PBXBuildFile; fileRef = 402A4CFE28E133AD002A1C9D /* Assets.xcassets */; };
		402A4D0228E133AD002A1C9D /* LaunchScreen.storyboard in Resources */ = {isa = PBXBuildFile; fileRef = 402A4D0028E133AD002A1C9D /* LaunchScreen.storyboard */; };
		402A4D0B28E2CB78002A1C9D /* Constants.swift in Sources */ = {isa = PBXBuildFile; fileRef = 402A4D0A28E2CB78002A1C9D /* Constants.swift */; };
		402A4D0E28E2D444002A1C9D /* PKGhostCanvas.swift in Sources */ = {isa = PBXBuildFile; fileRef = 402A4D0D28E2D444002A1C9D /* PKGhostCanvas.swift */; };
		40F9FA0E28E4216500AE25E4 /* GhostDrawingViewControllerTests.swift in Sources */ = {isa = PBXBuildFile; fileRef = 40F9FA0D28E4216500AE25E4 /* GhostDrawingViewControllerTests.swift */; };
		40F9FA1628E4246D00AE25E4 /* GhostDrawingBoardAppUITests.swift in Sources */ = {isa = PBXBuildFile; fileRef = 40F9FA1528E4246D00AE25E4 /* GhostDrawingBoardAppUITests.swift */; };
		40F9FA1828E4246D00AE25E4 /* GhostDrawingBoardAppUITestsLaunchTests.swift in Sources */ = {isa = PBXBuildFile; fileRef = 40F9FA1728E4246D00AE25E4 /* GhostDrawingBoardAppUITestsLaunchTests.swift */; };
/* End PBXBuildFile section */

/* Begin PBXContainerItemProxy section */
		40F9FA0828E420CF00AE25E4 /* PBXContainerItemProxy */ = {
			isa = PBXContainerItemProxy;
			containerPortal = 402A4CEA28E133A7002A1C9D /* Project object */;
			proxyType = 1;
			remoteGlobalIDString = 402A4CF128E133A8002A1C9D;
			remoteInfo = GhostDrawingBoardApp;
		};
		40F9FA1928E4246D00AE25E4 /* PBXContainerItemProxy */ = {
			isa = PBXContainerItemProxy;
			containerPortal = 402A4CEA28E133A7002A1C9D /* Project object */;
			proxyType = 1;
			remoteGlobalIDString = 402A4CF128E133A8002A1C9D;
			remoteInfo = GhostDrawingBoardApp;
		};
/* End PBXContainerItemProxy section */

/* Begin PBXFileReference section */
		402A4CF228E133A8002A1C9D /* GhostDrawingBoardApp.app */ = {isa = PBXFileReference; explicitFileType = wrapper.application; includeInIndex = 0; path = GhostDrawingBoardApp.app; sourceTree = BUILT_PRODUCTS_DIR; };
		402A4CF528E133A8002A1C9D /* AppDelegate.swift */ = {isa = PBXFileReference; lastKnownFileType = sourcecode.swift; path = AppDelegate.swift; sourceTree = "<group>"; };
		402A4CF728E133A8002A1C9D /* SceneDelegate.swift */ = {isa = PBXFileReference; lastKnownFileType = sourcecode.swift; path = SceneDelegate.swift; sourceTree = "<group>"; };
		402A4CF928E133A8002A1C9D /* GhostDrawingViewController.swift */ = {isa = PBXFileReference; lastKnownFileType = sourcecode.swift; path = GhostDrawingViewController.swift; sourceTree = "<group>"; };
		402A4CFC28E133A8002A1C9D /* Base */ = {isa = PBXFileReference; lastKnownFileType = file.storyboard; name = Base; path = Base.lproj/Main.storyboard; sourceTree = "<group>"; };
		402A4CFE28E133AD002A1C9D /* Assets.xcassets */ = {isa = PBXFileReference; lastKnownFileType = folder.assetcatalog; path = Assets.xcassets; sourceTree = "<group>"; };
		402A4D0128E133AD002A1C9D /* Base */ = {isa = PBXFileReference; lastKnownFileType = file.storyboard; name = Base; path = Base.lproj/LaunchScreen.storyboard; sourceTree = "<group>"; };
		402A4D0328E133AD002A1C9D /* Info.plist */ = {isa = PBXFileReference; lastKnownFileType = text.plist.xml; path = Info.plist; sourceTree = "<group>"; };
		402A4D0A28E2CB78002A1C9D /* Constants.swift */ = {isa = PBXFileReference; lastKnownFileType = sourcecode.swift; path = Constants.swift; sourceTree = "<group>"; };
		402A4D0D28E2D444002A1C9D /* PKGhostCanvas.swift */ = {isa = PBXFileReference; lastKnownFileType = sourcecode.swift; path = PKGhostCanvas.swift; sourceTree = "<group>"; };
		40F9FA0428E420CF00AE25E4 /* GhostDrawingBoardAppTests.xctest */ = {isa = PBXFileReference; explicitFileType = wrapper.cfbundle; includeInIndex = 0; path = GhostDrawingBoardAppTests.xctest; sourceTree = BUILT_PRODUCTS_DIR; };
		40F9FA0D28E4216500AE25E4 /* GhostDrawingViewControllerTests.swift */ = {isa = PBXFileReference; lastKnownFileType = sourcecode.swift; path = GhostDrawingViewControllerTests.swift; sourceTree = "<group>"; };
		40F9FA1328E4246D00AE25E4 /* GhostDrawingBoardAppUITests.xctest */ = {isa = PBXFileReference; explicitFileType = wrapper.cfbundle; includeInIndex = 0; path = GhostDrawingBoardAppUITests.xctest; sourceTree = BUILT_PRODUCTS_DIR; };
		40F9FA1528E4246D00AE25E4 /* GhostDrawingBoardAppUITests.swift */ = {isa = PBXFileReference; lastKnownFileType = sourcecode.swift; path = GhostDrawingBoardAppUITests.swift; sourceTree = "<group>"; };
		40F9FA1728E4246D00AE25E4 /* GhostDrawingBoardAppUITestsLaunchTests.swift */ = {isa = PBXFileReference; lastKnownFileType = sourcecode.swift; path = GhostDrawingBoardAppUITestsLaunchTests.swift; sourceTree = "<group>"; };
/* End PBXFileReference section */

/* Begin PBXFrameworksBuildPhase section */
		402A4CEF28E133A8002A1C9D /* Frameworks */ = {
			isa = PBXFrameworksBuildPhase;
			buildActionMask = 2147483647;
			files = (
			);
			runOnlyForDeploymentPostprocessing = 0;
		};
		40F9FA0128E420CF00AE25E4 /* Frameworks */ = {
			isa = PBXFrameworksBuildPhase;
			buildActionMask = 2147483647;
			files = (
			);
			runOnlyForDeploymentPostprocessing = 0;
		};
		40F9FA1028E4246D00AE25E4 /* Frameworks */ = {
			isa = PBXFrameworksBuildPhase;
			buildActionMask = 2147483647;
			files = (
			);
			runOnlyForDeploymentPostprocessing = 0;
		};
/* End PBXFrameworksBuildPhase section */

/* Begin PBXGroup section */
		402A4CE928E133A7002A1C9D = {
			isa = PBXGroup;
			children = (
				402A4CF428E133A8002A1C9D /* GhostDrawingBoardApp */,
				40F9FA0528E420CF00AE25E4 /* GhostDrawingBoardAppTests */,
				40F9FA1428E4246D00AE25E4 /* GhostDrawingBoardAppUITests */,
				402A4CF328E133A8002A1C9D /* Products */,
			);
			sourceTree = "<group>";
		};
		402A4CF328E133A8002A1C9D /* Products */ = {
			isa = PBXGroup;
			children = (
				402A4CF228E133A8002A1C9D /* GhostDrawingBoardApp.app */,
				40F9FA0428E420CF00AE25E4 /* GhostDrawingBoardAppTests.xctest */,
				40F9FA1328E4246D00AE25E4 /* GhostDrawingBoardAppUITests.xctest */,
			);
			name = Products;
			sourceTree = "<group>";
		};
		402A4CF428E133A8002A1C9D /* GhostDrawingBoardApp */ = {
			isa = PBXGroup;
			children = (
				402A4D1028E39918002A1C9D /* ViewController */,
				402A4D0F28E39912002A1C9D /* View */,
				402A4D0928E2CB5E002A1C9D /* Utility */,
				402A4CF528E133A8002A1C9D /* AppDelegate.swift */,
				402A4CF728E133A8002A1C9D /* SceneDelegate.swift */,
				402A4D0C28E2CD68002A1C9D /* Resources */,
				402A4D0328E133AD002A1C9D /* Info.plist */,
			);
			path = GhostDrawingBoardApp;
			sourceTree = "<group>";
		};
		402A4D0928E2CB5E002A1C9D /* Utility */ = {
			isa = PBXGroup;
			children = (
				402A4D0A28E2CB78002A1C9D /* Constants.swift */,
			);
			path = Utility;
			sourceTree = "<group>";
		};
		402A4D0C28E2CD68002A1C9D /* Resources */ = {
			isa = PBXGroup;
			children = (
				402A4CFB28E133A8002A1C9D /* Main.storyboard */,
				402A4CFE28E133AD002A1C9D /* Assets.xcassets */,
				402A4D0028E133AD002A1C9D /* LaunchScreen.storyboard */,
			);
			path = Resources;
			sourceTree = "<group>";
		};
		402A4D0F28E39912002A1C9D /* View */ = {
			isa = PBXGroup;
			children = (
				402A4D0D28E2D444002A1C9D /* PKGhostCanvas.swift */,
			);
			path = View;
			sourceTree = "<group>";
		};
		402A4D1028E39918002A1C9D /* ViewController */ = {
			isa = PBXGroup;
			children = (
				402A4CF928E133A8002A1C9D /* GhostDrawingViewController.swift */,
			);
			path = ViewController;
			sourceTree = "<group>";
		};
		40F9FA0528E420CF00AE25E4 /* GhostDrawingBoardAppTests */ = {
			isa = PBXGroup;
			children = (
				40F9FA0D28E4216500AE25E4 /* GhostDrawingViewControllerTests.swift */,
			);
			path = GhostDrawingBoardAppTests;
			sourceTree = "<group>";
		};
		40F9FA1428E4246D00AE25E4 /* GhostDrawingBoardAppUITests */ = {
			isa = PBXGroup;
			children = (
				40F9FA1528E4246D00AE25E4 /* GhostDrawingBoardAppUITests.swift */,
				40F9FA1728E4246D00AE25E4 /* GhostDrawingBoardAppUITestsLaunchTests.swift */,
			);
			path = GhostDrawingBoardAppUITests;
			sourceTree = "<group>";
		};
/* End PBXGroup section */

/* Begin PBXNativeTarget section */
		402A4CF128E133A8002A1C9D /* GhostDrawingBoardApp */ = {
			isa = PBXNativeTarget;
			buildConfigurationList = 402A4D0628E133AD002A1C9D /* Build configuration list for PBXNativeTarget "GhostDrawingBoardApp" */;
			buildPhases = (
				402A4CEE28E133A8002A1C9D /* Sources */,
				402A4CEF28E133A8002A1C9D /* Frameworks */,
				402A4CF028E133A8002A1C9D /* Resources */,
			);
			buildRules = (
			);
			dependencies = (
			);
			name = GhostDrawingBoardApp;
			productName = GhostDrawingBoardApp;
			productReference = 402A4CF228E133A8002A1C9D /* GhostDrawingBoardApp.app */;
			productType = "com.apple.product-type.application";
		};
		40F9FA0328E420CF00AE25E4 /* GhostDrawingBoardAppTests */ = {
			isa = PBXNativeTarget;
			buildConfigurationList = 40F9FA0A28E420CF00AE25E4 /* Build configuration list for PBXNativeTarget "GhostDrawingBoardAppTests" */;
			buildPhases = (
				40F9FA0028E420CF00AE25E4 /* Sources */,
				40F9FA0128E420CF00AE25E4 /* Frameworks */,
				40F9FA0228E420CF00AE25E4 /* Resources */,
			);
			buildRules = (
			);
			dependencies = (
				40F9FA0928E420CF00AE25E4 /* PBXTargetDependency */,
			);
			name = GhostDrawingBoardAppTests;
			productName = GhostDrawingBoardAppTests;
			productReference = 40F9FA0428E420CF00AE25E4 /* GhostDrawingBoardAppTests.xctest */;
			productType = "com.apple.product-type.bundle.unit-test";
		};
		40F9FA1228E4246D00AE25E4 /* GhostDrawingBoardAppUITests */ = {
			isa = PBXNativeTarget;
			buildConfigurationList = 40F9FA1B28E4246D00AE25E4 /* Build configuration list for PBXNativeTarget "GhostDrawingBoardAppUITests" */;
			buildPhases = (
				40F9FA0F28E4246D00AE25E4 /* Sources */,
				40F9FA1028E4246D00AE25E4 /* Frameworks */,
				40F9FA1128E4246D00AE25E4 /* Resources */,
			);
			buildRules = (
			);
			dependencies = (
				40F9FA1A28E4246D00AE25E4 /* PBXTargetDependency */,
			);
			name = GhostDrawingBoardAppUITests;
			productName = GhostDrawingBoardAppUITests;
			productReference = 40F9FA1328E4246D00AE25E4 /* GhostDrawingBoardAppUITests.xctest */;
			productType = "com.apple.product-type.bundle.ui-testing";
		};
/* End PBXNativeTarget section */

/* Begin PBXProject section */
		402A4CEA28E133A7002A1C9D /* Project object */ = {
			isa = PBXProject;
			attributes = {
				BuildIndependentTargetsInParallel = 1;
				LastSwiftUpdateCheck = 1340;
				LastUpgradeCheck = 1340;
				TargetAttributes = {
					402A4CF128E133A8002A1C9D = {
						CreatedOnToolsVersion = 13.4.1;
					};
					40F9FA0328E420CF00AE25E4 = {
						CreatedOnToolsVersion = 13.4.1;
						TestTargetID = 402A4CF128E133A8002A1C9D;
					};
					40F9FA1228E4246D00AE25E4 = {
						CreatedOnToolsVersion = 13.4.1;
						TestTargetID = 402A4CF128E133A8002A1C9D;
					};
				};
			};
			buildConfigurationList = 402A4CED28E133A7002A1C9D /* Build configuration list for PBXProject "GhostDrawingBoardApp" */;
			compatibilityVersion = "Xcode 13.0";
			developmentRegion = en;
			hasScannedForEncodings = 0;
			knownRegions = (
				en,
				Base,
			);
			mainGroup = 402A4CE928E133A7002A1C9D;
			productRefGroup = 402A4CF328E133A8002A1C9D /* Products */;
			projectDirPath = "";
			projectRoot = "";
			targets = (
				402A4CF128E133A8002A1C9D /* GhostDrawingBoardApp */,
				40F9FA0328E420CF00AE25E4 /* GhostDrawingBoardAppTests */,
				40F9FA1228E4246D00AE25E4 /* GhostDrawingBoardAppUITests */,
			);
		};
/* End PBXProject section */

/* Begin PBXResourcesBuildPhase section */
		402A4CF028E133A8002A1C9D /* Resources */ = {
			isa = PBXResourcesBuildPhase;
			buildActionMask = 2147483647;
			files = (
				402A4D0228E133AD002A1C9D /* LaunchScreen.storyboard in Resources */,
				402A4CFF28E133AD002A1C9D /* Assets.xcassets in Resources */,
				402A4CFD28E133A8002A1C9D /* Main.storyboard in Resources */,
			);
			runOnlyForDeploymentPostprocessing = 0;
		};
		40F9FA0228E420CF00AE25E4 /* Resources */ = {
			isa = PBXResourcesBuildPhase;
			buildActionMask = 2147483647;
			files = (
			);
			runOnlyForDeploymentPostprocessing = 0;
		};
		40F9FA1128E4246D00AE25E4 /* Resources */ = {
			isa = PBXResourcesBuildPhase;
			buildActionMask = 2147483647;
			files = (
			);
			runOnlyForDeploymentPostprocessing = 0;
		};
/* End PBXResourcesBuildPhase section */

/* Begin PBXSourcesBuildPhase section */
		402A4CEE28E133A8002A1C9D /* Sources */ = {
			isa = PBXSourcesBuildPhase;
			buildActionMask = 2147483647;
			files = (
				402A4CFA28E133A8002A1C9D /* GhostDrawingViewController.swift in Sources */,
				402A4CF628E133A8002A1C9D /* AppDelegate.swift in Sources */,
				402A4D0E28E2D444002A1C9D /* PKGhostCanvas.swift in Sources */,
				402A4CF828E133A8002A1C9D /* SceneDelegate.swift in Sources */,
				402A4D0B28E2CB78002A1C9D /* Constants.swift in Sources */,
			);
			runOnlyForDeploymentPostprocessing = 0;
		};
		40F9FA0028E420CF00AE25E4 /* Sources */ = {
			isa = PBXSourcesBuildPhase;
			buildActionMask = 2147483647;
			files = (
				40F9FA0E28E4216500AE25E4 /* GhostDrawingViewControllerTests.swift in Sources */,
			);
			runOnlyForDeploymentPostprocessing = 0;
		};
		40F9FA0F28E4246D00AE25E4 /* Sources */ = {
			isa = PBXSourcesBuildPhase;
			buildActionMask = 2147483647;
			files = (
				40F9FA1828E4246D00AE25E4 /* GhostDrawingBoardAppUITestsLaunchTests.swift in Sources */,
				40F9FA1628E4246D00AE25E4 /* GhostDrawingBoardAppUITests.swift in Sources */,
			);
			runOnlyForDeploymentPostprocessing = 0;
		};
/* End PBXSourcesBuildPhase section */

/* Begin PBXTargetDependency section */
		40F9FA0928E420CF00AE25E4 /* PBXTargetDependency */ = {
			isa = PBXTargetDependency;
			target = 402A4CF128E133A8002A1C9D /* GhostDrawingBoardApp */;
			targetProxy = 40F9FA0828E420CF00AE25E4 /* PBXContainerItemProxy */;
		};
		40F9FA1A28E4246D00AE25E4 /* PBXTargetDependency */ = {
			isa = PBXTargetDependency;
			target = 402A4CF128E133A8002A1C9D /* GhostDrawingBoardApp */;
			targetProxy = 40F9FA1928E4246D00AE25E4 /* PBXContainerItemProxy */;
		};
/* End PBXTargetDependency section */

/* Begin PBXVariantGroup section */
		402A4CFB28E133A8002A1C9D /* Main.storyboard */ = {
			isa = PBXVariantGroup;
			children = (
				402A4CFC28E133A8002A1C9D /* Base */,
			);
			name = Main.storyboard;
			sourceTree = "<group>";
		};
		402A4D0028E133AD002A1C9D /* LaunchScreen.storyboard */ = {
			isa = PBXVariantGroup;
			children = (
				402A4D0128E133AD002A1C9D /* Base */,
			);
			name = LaunchScreen.storyboard;
			sourceTree = "<group>";
		};
/* End PBXVariantGroup section */

/* Begin XCBuildConfiguration section */
		402A4D0428E133AD002A1C9D /* Debug */ = {
			isa = XCBuildConfiguration;
			buildSettings = {
				ALWAYS_SEARCH_USER_PATHS = NO;
				CLANG_ANALYZER_NONNULL = YES;
				CLANG_ANALYZER_NUMBER_OBJECT_CONVERSION = YES_AGGRESSIVE;
				CLANG_CXX_LANGUAGE_STANDARD = "gnu++17";
				CLANG_ENABLE_MODULES = YES;
				CLANG_ENABLE_OBJC_ARC = YES;
				CLANG_ENABLE_OBJC_WEAK = YES;
				CLANG_WARN_BLOCK_CAPTURE_AUTORELEASING = YES;
				CLANG_WARN_BOOL_CONVERSION = YES;
				CLANG_WARN_COMMA = YES;
				CLANG_WARN_CONSTANT_CONVERSION = YES;
				CLANG_WARN_DEPRECATED_OBJC_IMPLEMENTATIONS = YES;
				CLANG_WARN_DIRECT_OBJC_ISA_USAGE = YES_ERROR;
				CLANG_WARN_DOCUMENTATION_COMMENTS = YES;
				CLANG_WARN_EMPTY_BODY = YES;
				CLANG_WARN_ENUM_CONVERSION = YES;
				CLANG_WARN_INFINITE_RECURSION = YES;
				CLANG_WARN_INT_CONVERSION = YES;
				CLANG_WARN_NON_LITERAL_NULL_CONVERSION = YES;
				CLANG_WARN_OBJC_IMPLICIT_RETAIN_SELF = YES;
				CLANG_WARN_OBJC_LITERAL_CONVERSION = YES;
				CLANG_WARN_OBJC_ROOT_CLASS = YES_ERROR;
				CLANG_WARN_QUOTED_INCLUDE_IN_FRAMEWORK_HEADER = YES;
				CLANG_WARN_RANGE_LOOP_ANALYSIS = YES;
				CLANG_WARN_STRICT_PROTOTYPES = YES;
				CLANG_WARN_SUSPICIOUS_MOVE = YES;
				CLANG_WARN_UNGUARDED_AVAILABILITY = YES_AGGRESSIVE;
				CLANG_WARN_UNREACHABLE_CODE = YES;
				CLANG_WARN__DUPLICATE_METHOD_MATCH = YES;
				COPY_PHASE_STRIP = NO;
				DEBUG_INFORMATION_FORMAT = dwarf;
				ENABLE_STRICT_OBJC_MSGSEND = YES;
				ENABLE_TESTABILITY = YES;
				GCC_C_LANGUAGE_STANDARD = gnu11;
				GCC_DYNAMIC_NO_PIC = NO;
				GCC_NO_COMMON_BLOCKS = YES;
				GCC_OPTIMIZATION_LEVEL = 0;
				GCC_PREPROCESSOR_DEFINITIONS = (
					"DEBUG=1",
					"$(inherited)",
				);
				GCC_WARN_64_TO_32_BIT_CONVERSION = YES;
				GCC_WARN_ABOUT_RETURN_TYPE = YES_ERROR;
				GCC_WARN_UNDECLARED_SELECTOR = YES;
				GCC_WARN_UNINITIALIZED_AUTOS = YES_AGGRESSIVE;
				GCC_WARN_UNUSED_FUNCTION = YES;
				GCC_WARN_UNUSED_VARIABLE = YES;
				IPHONEOS_DEPLOYMENT_TARGET = 14.0;
				MTL_ENABLE_DEBUG_INFO = INCLUDE_SOURCE;
				MTL_FAST_MATH = YES;
				ONLY_ACTIVE_ARCH = YES;
				SDKROOT = iphoneos;
				SWIFT_ACTIVE_COMPILATION_CONDITIONS = DEBUG;
				SWIFT_OPTIMIZATION_LEVEL = "-Onone";
			};
			name = Debug;
		};
		402A4D0528E133AD002A1C9D /* Release */ = {
			isa = XCBuildConfiguration;
			buildSettings = {
				ALWAYS_SEARCH_USER_PATHS = NO;
				CLANG_ANALYZER_NONNULL = YES;
				CLANG_ANALYZER_NUMBER_OBJECT_CONVERSION = YES_AGGRESSIVE;
				CLANG_CXX_LANGUAGE_STANDARD = "gnu++17";
				CLANG_ENABLE_MODULES = YES;
				CLANG_ENABLE_OBJC_ARC = YES;
				CLANG_ENABLE_OBJC_WEAK = YES;
				CLANG_WARN_BLOCK_CAPTURE_AUTORELEASING = YES;
				CLANG_WARN_BOOL_CONVERSION = YES;
				CLANG_WARN_COMMA = YES;
				CLANG_WARN_CONSTANT_CONVERSION = YES;
				CLANG_WARN_DEPRECATED_OBJC_IMPLEMENTATIONS = YES;
				CLANG_WARN_DIRECT_OBJC_ISA_USAGE = YES_ERROR;
				CLANG_WARN_DOCUMENTATION_COMMENTS = YES;
				CLANG_WARN_EMPTY_BODY = YES;
				CLANG_WARN_ENUM_CONVERSION = YES;
				CLANG_WARN_INFINITE_RECURSION = YES;
				CLANG_WARN_INT_CONVERSION = YES;
				CLANG_WARN_NON_LITERAL_NULL_CONVERSION = YES;
				CLANG_WARN_OBJC_IMPLICIT_RETAIN_SELF = YES;
				CLANG_WARN_OBJC_LITERAL_CONVERSION = YES;
				CLANG_WARN_OBJC_ROOT_CLASS = YES_ERROR;
				CLANG_WARN_QUOTED_INCLUDE_IN_FRAMEWORK_HEADER = YES;
				CLANG_WARN_RANGE_LOOP_ANALYSIS = YES;
				CLANG_WARN_STRICT_PROTOTYPES = YES;
				CLANG_WARN_SUSPICIOUS_MOVE = YES;
				CLANG_WARN_UNGUARDED_AVAILABILITY = YES_AGGRESSIVE;
				CLANG_WARN_UNREACHABLE_CODE = YES;
				CLANG_WARN__DUPLICATE_METHOD_MATCH = YES;
				COPY_PHASE_STRIP = NO;
				DEBUG_INFORMATION_FORMAT = "dwarf-with-dsym";
				ENABLE_NS_ASSERTIONS = NO;
				ENABLE_STRICT_OBJC_MSGSEND = YES;
				GCC_C_LANGUAGE_STANDARD = gnu11;
				GCC_NO_COMMON_BLOCKS = YES;
				GCC_WARN_64_TO_32_BIT_CONVERSION = YES;
				GCC_WARN_ABOUT_RETURN_TYPE = YES_ERROR;
				GCC_WARN_UNDECLARED_SELECTOR = YES;
				GCC_WARN_UNINITIALIZED_AUTOS = YES_AGGRESSIVE;
				GCC_WARN_UNUSED_FUNCTION = YES;
				GCC_WARN_UNUSED_VARIABLE = YES;
				IPHONEOS_DEPLOYMENT_TARGET = 14.0;
				MTL_ENABLE_DEBUG_INFO = NO;
				MTL_FAST_MATH = YES;
				SDKROOT = iphoneos;
				SWIFT_COMPILATION_MODE = wholemodule;
				SWIFT_OPTIMIZATION_LEVEL = "-O";
				VALIDATE_PRODUCT = YES;
			};
			name = Release;
		};
		402A4D0728E133AD002A1C9D /* Debug */ = {
			isa = XCBuildConfiguration;
			buildSettings = {
				ASSETCATALOG_COMPILER_APPICON_NAME = AppIcon;
				ASSETCATALOG_COMPILER_GLOBAL_ACCENT_COLOR_NAME = AccentColor;
				CODE_SIGN_STYLE = Automatic;
				CURRENT_PROJECT_VERSION = 1;
				GENERATE_INFOPLIST_FILE = YES;
				INFOPLIST_FILE = GhostDrawingBoardApp/Info.plist;
				INFOPLIST_KEY_CFBundleDisplayName = GhostDrawing;
				INFOPLIST_KEY_UIApplicationSupportsIndirectInputEvents = YES;
				INFOPLIST_KEY_UILaunchStoryboardName = LaunchScreen;
				INFOPLIST_KEY_UIMainStoryboardFile = Main;
				INFOPLIST_KEY_UISupportedInterfaceOrientations_iPad = "UIInterfaceOrientationPortrait UIInterfaceOrientationPortraitUpsideDown UIInterfaceOrientationLandscapeLeft UIInterfaceOrientationLandscapeRight";
				INFOPLIST_KEY_UISupportedInterfaceOrientations_iPhone = "UIInterfaceOrientationPortrait UIInterfaceOrientationLandscapeLeft UIInterfaceOrientationLandscapeRight";
				LD_RUNPATH_SEARCH_PATHS = (
					"$(inherited)",
					"@executable_path/Frameworks",
				);
				MARKETING_VERSION = 1.0;
				PRODUCT_BUNDLE_IDENTIFIER = test.com.GhostDrawingBoardApp;
				PRODUCT_NAME = "$(TARGET_NAME)";
				SWIFT_EMIT_LOC_STRINGS = YES;
				SWIFT_VERSION = 5.0;
				TARGETED_DEVICE_FAMILY = "1,2";
			};
			name = Debug;
		};
		402A4D0828E133AD002A1C9D /* Release */ = {
			isa = XCBuildConfiguration;
			buildSettings = {
				ASSETCATALOG_COMPILER_APPICON_NAME = AppIcon;
				ASSETCATALOG_COMPILER_GLOBAL_ACCENT_COLOR_NAME = AccentColor;
				CODE_SIGN_STYLE = Automatic;
				CURRENT_PROJECT_VERSION = 1;
				GENERATE_INFOPLIST_FILE = YES;
				INFOPLIST_FILE = GhostDrawingBoardApp/Info.plist;
				INFOPLIST_KEY_CFBundleDisplayName = GhostDrawing;
				INFOPLIST_KEY_UIApplicationSupportsIndirectInputEvents = YES;
				INFOPLIST_KEY_UILaunchStoryboardName = LaunchScreen;
				INFOPLIST_KEY_UIMainStoryboardFile = Main;
				INFOPLIST_KEY_UISupportedInterfaceOrientations_iPad = "UIInterfaceOrientationPortrait UIInterfaceOrientationPortraitUpsideDown UIInterfaceOrientationLandscapeLeft UIInterfaceOrientationLandscapeRight";
				INFOPLIST_KEY_UISupportedInterfaceOrientations_iPhone = "UIInterfaceOrientationPortrait UIInterfaceOrientationLandscapeLeft UIInterfaceOrientationLandscapeRight";
				LD_RUNPATH_SEARCH_PATHS = (
					"$(inherited)",
					"@executable_path/Frameworks",
				);
				MARKETING_VERSION = 1.0;
				PRODUCT_BUNDLE_IDENTIFIER = test.com.GhostDrawingBoardApp;
				PRODUCT_NAME = "$(TARGET_NAME)";
				SWIFT_EMIT_LOC_STRINGS = YES;
				SWIFT_VERSION = 5.0;
				TARGETED_DEVICE_FAMILY = "1,2";
			};
			name = Release;
		};
		40F9FA0B28E420CF00AE25E4 /* Debug */ = {
			isa = XCBuildConfiguration;
			buildSettings = {
				BUNDLE_LOADER = "$(TEST_HOST)";
				CODE_SIGN_STYLE = Automatic;
				CURRENT_PROJECT_VERSION = 1;
				GENERATE_INFOPLIST_FILE = YES;
				IPHONEOS_DEPLOYMENT_TARGET = 15.5;
				MARKETING_VERSION = 1.0;
				PRODUCT_BUNDLE_IDENTIFIER = test.com.GhostDrawingBoardAppTests;
				PRODUCT_NAME = "$(TARGET_NAME)";
				SWIFT_EMIT_LOC_STRINGS = NO;
				SWIFT_VERSION = 5.0;
				TARGETED_DEVICE_FAMILY = "1,2";
				TEST_HOST = "$(BUILT_PRODUCTS_DIR)/GhostDrawingBoardApp.app/GhostDrawingBoardApp";
			};
			name = Debug;
		};
		40F9FA0C28E420CF00AE25E4 /* Release */ = {
			isa = XCBuildConfiguration;
			buildSettings = {
				BUNDLE_LOADER = "$(TEST_HOST)";
				CODE_SIGN_STYLE = Automatic;
				CURRENT_PROJECT_VERSION = 1;
				GENERATE_INFOPLIST_FILE = YES;
				IPHONEOS_DEPLOYMENT_TARGET = 15.5;
				MARKETING_VERSION = 1.0;
				PRODUCT_BUNDLE_IDENTIFIER = test.com.GhostDrawingBoardAppTests;
				PRODUCT_NAME = "$(TARGET_NAME)";
				SWIFT_EMIT_LOC_STRINGS = NO;
				SWIFT_VERSION = 5.0;
				TARGETED_DEVICE_FAMILY = "1,2";
				TEST_HOST = "$(BUILT_PRODUCTS_DIR)/GhostDrawingBoardApp.app/GhostDrawingBoardApp";
			};
			name = Release;
		};
		40F9FA1C28E4246D00AE25E4 /* Debug */ = {
			isa = XCBuildConfiguration;
			buildSettings = {
				CODE_SIGN_STYLE = Automatic;
				CURRENT_PROJECT_VERSION = 1;
				GENERATE_INFOPLIST_FILE = YES;
				IPHONEOS_DEPLOYMENT_TARGET = 15.5;
				MARKETING_VERSION = 1.0;
				PRODUCT_BUNDLE_IDENTIFIER = test.com.GhostDrawingBoardAppUITests;
				PRODUCT_NAME = "$(TARGET_NAME)";
				SWIFT_EMIT_LOC_STRINGS = NO;
				SWIFT_VERSION = 5.0;
				TARGETED_DEVICE_FAMILY = "1,2";
				TEST_TARGET_NAME = GhostDrawingBoardApp;
			};
			name = Debug;
		};
		40F9FA1D28E4246D00AE25E4 /* Release */ = {
			isa = XCBuildConfiguration;
			buildSettings = {
				CODE_SIGN_STYLE = Automatic;
				CURRENT_PROJECT_VERSION = 1;
				GENERATE_INFOPLIST_FILE = YES;
				IPHONEOS_DEPLOYMENT_TARGET = 15.5;
				MARKETING_VERSION = 1.0;
				PRODUCT_BUNDLE_IDENTIFIER = test.com.GhostDrawingBoardAppUITests;
				PRODUCT_NAME = "$(TARGET_NAME)";
				SWIFT_EMIT_LOC_STRINGS = NO;
				SWIFT_VERSION = 5.0;
				TARGETED_DEVICE_FAMILY = "1,2";
				TEST_TARGET_NAME = GhostDrawingBoardApp;
			};
			name = Release;
		};
/* End XCBuildConfiguration section */

/* Begin XCConfigurationList section */
		402A4CED28E133A7002A1C9D /* Build configuration list for PBXProject "GhostDrawingBoardApp" */ = {
			isa = XCConfigurationList;
			buildConfigurations = (
				402A4D0428E133AD002A1C9D /* Debug */,
				402A4D0528E133AD002A1C9D /* Release */,
			);
			defaultConfigurationIsVisible = 0;
			defaultConfigurationName = Release;
		};
		402A4D0628E133AD002A1C9D /* Build configuration list for PBXNativeTarget "GhostDrawingBoardApp" */ = {
			isa = XCConfigurationList;
			buildConfigurations = (
				402A4D0728E133AD002A1C9D /* Debug */,
				402A4D0828E133AD002A1C9D /* Release */,
			);
			defaultConfigurationIsVisible = 0;
			defaultConfigurationName = Release;
		};
		40F9FA0A28E420CF00AE25E4 /* Build configuration list for PBXNativeTarget "GhostDrawingBoardAppTests" */ = {
			isa = XCConfigurationList;
			buildConfigurations = (
				40F9FA0B28E420CF00AE25E4 /* Debug */,
				40F9FA0C28E420CF00AE25E4 /* Release */,
			);
			defaultConfigurationIsVisible = 0;
			defaultConfigurationName = Release;
		};
		40F9FA1B28E4246D00AE25E4 /* Build configuration list for PBXNativeTarget "GhostDrawingBoardAppUITests" */ = {
			isa = XCConfigurationList;
			buildConfigurations = (
				40F9FA1C28E4246D00AE25E4 /* Debug */,
				40F9FA1D28E4246D00AE25E4 /* Release */,
			);
			defaultConfigurationIsVisible = 0;
			defaultConfigurationName = Release;
		};
/* End XCConfigurationList section */
	};
	rootObject = 402A4CEA28E133A7002A1C9D /* Project object */;
}
